
Microsoft Visual Studio Solution File, Format Version 12.00
# Visual Studio Version 17
VisualStudioVersion = 17.4.33205.214
MinimumVisualStudioVersion = 10.0.40219.1
Project("{FAE04EC0-301F-11D3-BF4B-00C04F79EFBC}") = "WPF 02", "WPF 02\WPF 02.csproj", "{E0B026DF-E33A-4992-8142-0A4D13E6D9BF}"
EndProject
Global
	GlobalSection(SolutionConfigurationPlatforms) = preSolution
		Debug|Any CPU = Debug|Any CPU
		Release|Any CPU = Release|Any CPU
	EndGlobalSection
	GlobalSection(ProjectConfigurationPlatforms) = postSolution
		{E0B026DF-E33A-4992-8142-0A4D13E6D9BF}.Debug|Any CPU.ActiveCfg = Debug|Any CPU
		{E0B026DF-E33A-4992-8142-0A4D13E6D9BF}.Debug|Any CPU.Build.0 = Debug|Any CPU
		{E0B026DF-E33A-4992-8142-0A4D13E6D9BF}.Release|Any CPU.ActiveCfg = Release|Any CPU
		{E0B026DF-E33A-4992-8142-0A4D13E6D9BF}.Release|Any CPU.Build.0 = Release|Any CPU
	EndGlobalSection
	GlobalSection(SolutionProperties) = preSolution
		HideSolutionNode = FALSE
	EndGlobalSection
	GlobalSection(ExtensibilityGlobals) = postSolution
		SolutionGuid = {0F83A6F5-F52A-4BC1-ADB7-2E46249A170E}
	EndGlobalSection
EndGlobal
