
Microsoft Visual Studio Solution File, Format Version 12.00
# Visual Studio Version 17
VisualStudioVersion = 17.5.33516.290
MinimumVisualStudioVersion = 10.0.40219.1
Project("{FAE04EC0-301F-11D3-BF4B-00C04F79EFBC}") = "MakingPreUI(1stUI)", "MakingPreUI(1stUI)\MakingPreUI(1stUI).csproj", "{5A182D38-3C64-43CC-BDFB-9DD0E751C3AA}"
EndProject
Global
	GlobalSection(SolutionConfigurationPlatforms) = preSolution
		Debug|Any CPU = Debug|Any CPU
		Release|Any CPU = Release|Any CPU
	EndGlobalSection
	GlobalSection(ProjectConfigurationPlatforms) = postSolution
		{5A182D38-3C64-43CC-BDFB-9DD0E751C3AA}.Debug|Any CPU.ActiveCfg = Debug|Any CPU
		{5A182D38-3C64-43CC-BDFB-9DD0E751C3AA}.Debug|Any CPU.Build.0 = Debug|Any CPU
		{5A182D38-3C64-43CC-BDFB-9DD0E751C3AA}.Release|Any CPU.ActiveCfg = Release|Any CPU
		{5A182D38-3C64-43CC-BDFB-9DD0E751C3AA}.Release|Any CPU.Build.0 = Release|Any CPU
	EndGlobalSection
	GlobalSection(SolutionProperties) = preSolution
		HideSolutionNode = FALSE
	EndGlobalSection
	GlobalSection(ExtensibilityGlobals) = postSolution
		SolutionGuid = {188D824D-7775-4D29-B364-16A380177054}
	EndGlobalSection
EndGlobal
